// !$*UTF8*$!
{
	archiveVersion = 1;
	classes = {
	};
	objectVersion = 46;
	objects = {

/* Begin PBXBuildFile section */
		DC88086A151271E800A7DDBE /* UIKit.framework in Frameworks */ = {isa = PBXBuildFile; fileRef = DC880869151271E800A7DDBE /* UIKit.framework */; };
		DC88086C151271E800A7DDBE /* Foundation.framework in Frameworks */ = {isa = PBXBuildFile; fileRef = DC88086B151271E800A7DDBE /* Foundation.framework */; };
		DC88086E151271E800A7DDBE /* CoreGraphics.framework in Frameworks */ = {isa = PBXBuildFile; fileRef = DC88086D151271E800A7DDBE /* CoreGraphics.framework */; };
		DC880874151271E800A7DDBE /* InfoPlist.strings in Resources */ = {isa = PBXBuildFile; fileRef = DC880872151271E800A7DDBE /* InfoPlist.strings */; };
		DC880876151271E800A7DDBE /* main.m in Sources */ = {isa = PBXBuildFile; fileRef = DC880875151271E800A7DDBE /* main.m */; };
		DC88087A151271E800A7DDBE /* AppDelegate.m in Sources */ = {isa = PBXBuildFile; fileRef = DC880879151271E800A7DDBE /* AppDelegate.m */; };
		DC8808811512741C00A7DDBE /* MainWindow.xib in Resources */ = {isa = PBXBuildFile; fileRef = DC8808801512741C00A7DDBE /* MainWindow.xib */; };
/* End PBXBuildFile section */

/* Begin PBXFileReference section */
		DC880865151271E800A7DDBE /* Whereami.app */ = {isa = PBXFileReference; explicitFileType = wrapper.application; includeInIndex = 0; path = Whereami.app; sourceTree = BUILT_PRODUCTS_DIR; };
		DC880869151271E800A7DDBE /* UIKit.framework */ = {isa = PBXFileReference; lastKnownFileType = wrapper.framework; name = UIKit.framework; path = System/Library/Frameworks/UIKit.framework; sourceTree = SDKROOT; };
		DC88086B151271E800A7DDBE /* Foundation.framework */ = {isa = PBXFileReference; lastKnownFileType = wrapper.framework; name = Foundation.framework; path = System/Library/Frameworks/Foundation.framework; sourceTree = SDKROOT; };
		DC88086D151271E800A7DDBE /* CoreGraphics.framework */ = {isa = PBXFileReference; lastKnownFileType = wrapper.framework; name = CoreGraphics.framework; path = System/Library/Frameworks/CoreGraphics.framework; sourceTree = SDKROOT; };
		DC880871151271E800A7DDBE /* Whereami-Info.plist */ = {isa = PBXFileReference; lastKnownFileType = text.plist.xml; path = "Whereami-Info.plist"; sourceTree = "<group>"; };
		DC880873151271E800A7DDBE /* en */ = {isa = PBXFileReference; lastKnownFileType = text.plist.strings; name = en; path = en.lproj/InfoPlist.strings; sourceTree = "<group>"; };
		DC880875151271E800A7DDBE /* main.m */ = {isa = PBXFileReference; lastKnownFileType = sourcecode.c.objc; path = main.m; sourceTree = "<group>"; };
		DC880877151271E800A7DDBE /* Whereami-Prefix.pch */ = {isa = PBXFileReference; lastKnownFileType = sourcecode.c.h; path = "Whereami-Prefix.pch"; sourceTree = "<group>"; };
		DC880878151271E800A7DDBE /* AppDelegate.h */ = {isa = PBXFileReference; lastKnownFileType = sourcecode.c.h; path = AppDelegate.h; sourceTree = "<group>"; };
		DC880879151271E800A7DDBE /* AppDelegate.m */ = {isa = PBXFileReference; lastKnownFileType = sourcecode.c.objc; path = AppDelegate.m; sourceTree = "<group>"; };
		DC8808801512741C00A7DDBE /* MainWindow.xib */ = {isa = PBXFileReference; fileEncoding = 4; lastKnownFileType = file.xib; path = MainWindow.xib; sourceTree = "<group>"; };
/* End PBXFileReference section */

/* Begin PBXFrameworksBuildPhase section */
		DC880862151271E800A7DDBE /* Frameworks */ = {
			isa = PBXFrameworksBuildPhase;
			buildActionMask = 2147483647;
			files = (
				DC88086A151271E800A7DDBE /* UIKit.framework in Frameworks */,
				DC88086C151271E800A7DDBE /* Foundation.framework in Frameworks */,
				DC88086E151271E800A7DDBE /* CoreGraphics.framework in Frameworks */,
			);
			runOnlyForDeploymentPostprocessing = 0;
		};
/* End PBXFrameworksBuildPhase section */

/* Begin PBXGroup section */
		DC88085A151271E700A7DDBE = {
			isa = PBXGroup;
			children = (
				DC88086F151271E800A7DDBE /* Whereami */,
				DC880868151271E800A7DDBE /* Frameworks */,
				DC880866151271E800A7DDBE /* Products */,
			);
			sourceTree = "<group>";
		};
		DC880866151271E800A7DDBE /* Products */ = {
			isa = PBXGroup;
			children = (
				DC880865151271E800A7DDBE /* Whereami.app */,
			);
			name = Products;
			sourceTree = "<group>";
		};
		DC880868151271E800A7DDBE /* Frameworks */ = {
			isa = PBXGroup;
			children = (
				DC880869151271E800A7DDBE /* UIKit.framework */,
				DC88086B151271E800A7DDBE /* Foundation.framework */,
				DC88086D151271E800A7DDBE /* CoreGraphics.framework */,
			);
			name = Frameworks;
			sourceTree = "<group>";
		};
		DC88086F151271E800A7DDBE /* Whereami */ = {
			isa = PBXGroup;
			children = (
				DC880878151271E800A7DDBE /* AppDelegate.h */,
				DC880879151271E800A7DDBE /* AppDelegate.m */,
				DC8808801512741C00A7DDBE /* MainWindow.xib */,
				DC880870151271E800A7DDBE /* Supporting Files */,
			);
			path = Whereami;
			sourceTree = "<group>";
		};
		DC880870151271E800A7DDBE /* Supporting Files */ = {
			isa = PBXGroup;
			children = (
				DC880871151271E800A7DDBE /* Whereami-Info.plist */,
				DC880872151271E800A7DDBE /* InfoPlist.strings */,
				DC880875151271E800A7DDBE /* main.m */,
				DC880877151271E800A7DDBE /* Whereami-Prefix.pch */,
			);
			name = "Supporting Files";
			sourceTree = "<group>";
		};
/* End PBXGroup section */

/* Begin PBXNativeTarget section */
		DC880864151271E800A7DDBE /* Whereami */ = {
			isa = PBXNativeTarget;
			buildConfigurationList = DC88087D151271E800A7DDBE /* Build configuration list for PBXNativeTarget "Whereami" */;
			buildPhases = (
				DC880861151271E800A7DDBE /* Sources */,
				DC880862151271E800A7DDBE /* Frameworks */,
				DC880863151271E800A7DDBE /* Resources */,
			);
			buildRules = (
			);
			dependencies = (
			);
			name = Whereami;
			productName = Whereami;
			productReference = DC880865151271E800A7DDBE /* Whereami.app */;
			productType = "com.apple.product-type.application";
		};
/* End PBXNativeTarget section */

/* Begin PBXProject section */
		DC88085C151271E700A7DDBE /* Project object */ = {
			isa = PBXProject;
			attributes = {
				LastUpgradeCheck = 0420;
				ORGANIZATIONNAME = "Loughborough University";
			};
			buildConfigurationList = DC88085F151271E700A7DDBE /* Build configuration list for PBXProject "Whereami" */;
			compatibilityVersion = "Xcode 3.2";
			developmentRegion = English;
			hasScannedForEncodings = 0;
			knownRegions = (
				en,
			);
			mainGroup = DC88085A151271E700A7DDBE;
			productRefGroup = DC880866151271E800A7DDBE /* Products */;
			projectDirPath = "";
			projectRoot = "";
			targets = (
				DC880864151271E800A7DDBE /* Whereami */,
			);
		};
/* End PBXProject section */

/* Begin PBXResourcesBuildPhase section */
		DC880863151271E800A7DDBE /* Resources */ = {
			isa = PBXResourcesBuildPhase;
			buildActionMask = 2147483647;
			files = (
				DC880874151271E800A7DDBE /* InfoPlist.strings in Resources */,
				DC8808811512741C00A7DDBE /* MainWindow.xib in Resources */,
			);
			runOnlyForDeploymentPostprocessing = 0;
		};
/* End PBXResourcesBuildPhase section */

/* Begin PBXSourcesBuildPhase section */
		DC880861151271E800A7DDBE /* Sources */ = {
			isa = PBXSourcesBuildPhase;
			buildActionMask = 2147483647;
			files = (
				DC880876151271E800A7DDBE /* main.m in Sources */,
				DC88087A151271E800A7DDBE /* AppDelegate.m in Sources */,
			);
			runOnlyForDeploymentPostprocessing = 0;
		};
/* End PBXSourcesBuildPhase section */

/* Begin PBXVariantGroup section */
		DC880872151271E800A7DDBE /* InfoPlist.strings */ = {
			isa = PBXVariantGroup;
			children = (
				DC880873151271E800A7DDBE /* en */,
			);
			name = InfoPlist.strings;
			sourceTree = "<group>";
		};
/* End PBXVariantGroup section */

/* Begin XCBuildConfiguration section */
		DC88087B151271E800A7DDBE /* Debug */ = {
			isa = XCBuildConfiguration;
			buildSettings = {
				ALWAYS_SEARCH_USER_PATHS = NO;
				ARCHS = "$(ARCHS_STANDARD_32_BIT)";
				CLANG_ENABLE_OBJC_ARC = YES;
				"CODE_SIGN_IDENTITY[sdk=iphoneos*]" = "iPhone Developer";
				COPY_PHASE_STRIP = NO;
				GCC_C_LANGUAGE_STANDARD = gnu99;
				GCC_DYNAMIC_NO_PIC = NO;
				GCC_OPTIMIZATION_LEVEL = 0;
				GCC_PREPROCESSOR_DEFINITIONS = (
					"DEBUG=1",
					"$(inherited)",
				);
				GCC_SYMBOLS_PRIVATE_EXTERN = NO;
				GCC_VERSION = com.apple.compilers.llvm.clang.1_0;
				GCC_WARN_ABOUT_MISSING_PROTOTYPES = YES;
				GCC_WARN_ABOUT_RETURN_TYPE = YES;
				GCC_WARN_UNUSED_VARIABLE = YES;
				IPHONEOS_DEPLOYMENT_TARGET = 5.0;
				SDKROOT = iphoneos;
			};
			name = Debug;
		};
		DC88087C151271E800A7DDBE /* Release */ = {
			isa = XCBuildConfiguration;
			buildSettings = {
				ALWAYS_SEARCH_USER_PATHS = NO;
				ARCHS = "$(ARCHS_STANDARD_32_BIT)";
				CLANG_ENABLE_OBJC_ARC = YES;
				"CODE_SIGN_IDENTITY[sdk=iphoneos*]" = "iPhone Developer";
				COPY_PHASE_STRIP = YES;
				GCC_C_LANGUAGE_STANDARD = gnu99;
				GCC_VERSION = com.apple.compilers.llvm.clang.1_0;
				GCC_WARN_ABOUT_MISSING_PROTOTYPES = YES;
				GCC_WARN_ABOUT_RETURN_TYPE = YES;
				GCC_WARN_UNUSED_VARIABLE = YES;
				IPHONEOS_DEPLOYMENT_TARGET = 5.0;
				OTHER_CFLAGS = "-DNS_BLOCK_ASSERTIONS=1";
				SDKROOT = iphoneos;
				VALIDATE_PRODUCT = YES;
			};
			name = Release;
		};
		DC88087E151271E800A7DDBE /* Debug */ = {
			isa = XCBuildConfiguration;
			buildSettings = {
				GCC_PRECOMPILE_PREFIX_HEADER = YES;
				GCC_PREFIX_HEADER = "Whereami/Whereami-Prefix.pch";
				INFOPLIST_FILE = "Whereami/Whereami-Info.plist";
				PRODUCT_NAME = "$(TARGET_NAME)";
				WRAPPER_EXTENSION = app;
			};
			name = Debug;
		};
		DC88087F151271E800A7DDBE /* Release */ = {
			isa = XCBuildConfiguration;
			buildSettings = {
				GCC_PRECOMPILE_PREFIX_HEADER = YES;
				GCC_PREFIX_HEADER = "Whereami/Whereami-Prefix.pch";
				INFOPLIST_FILE = "Whereami/Whereami-Info.plist";
				PRODUCT_NAME = "$(TARGET_NAME)";
				WRAPPER_EXTENSION = app;
			};
			name = Release;
		};
/* End XCBuildConfiguration section */

/* Begin XCConfigurationList section */
		DC88085F151271E700A7DDBE /* Build configuration list for PBXProject "Whereami" */ = {
			isa = XCConfigurationList;
			buildConfigurations = (
				DC88087B151271E800A7DDBE /* Debug */,
				DC88087C151271E800A7DDBE /* Release */,
			);
			defaultConfigurationIsVisible = 0;
			defaultConfigurationName = Release;
		};
		DC88087D151271E800A7DDBE /* Build configuration list for PBXNativeTarget "Whereami" */ = {
			isa = XCConfigurationList;
			buildConfigurations = (
				DC88087E151271E800A7DDBE /* Debug */,
				DC88087F151271E800A7DDBE /* Release */,
			);
			defaultConfigurationIsVisible = 0;
		};
/* End XCConfigurationList section */
	};
	rootObject = DC88085C151271E700A7DDBE /* Project object */;
}
